<?xml version="1.0" encoding="utf-8"?>
<Project ToolsVersion="4.0" xmlns="http://schemas.microsoft.com/developer/msbuild/2003">
  <ItemGroup>
    <ClCompile Include="..\test\SiameseTools.cpp" />
    <ClCompile Include="..\test\UnitTest.cpp" />
  </ItemGroup>
  <ItemGroup>
    <ClInclude Include="..\test\SiameseTools.h" />
  </ItemGroup>
</Project>